// !$*UTF8*$!
{
	archiveVersion = 1;
	classes = {
	};
	objectVersion = 46;
	objects = {

/* Begin PBXBuildFile section */
		6CFED26E1CBC1CCC0031BFE3 /* main.m in Sources */ = {isa = PBXBuildFile; fileRef = 6CFED26D1CBC1CCC0031BFE3 /* main.m */; };
		6CFED2761CBC1CE60031BFE3 /* NSString+Metrics.m in Sources */ = {isa = PBXBuildFile; fileRef = 6CFED2751CBC1CE60031BFE3 /* NSString+Metrics.m */; };
/* End PBXBuildFile section */

/* Begin PBXCopyFilesBuildPhase section */
		6CFED2681CBC1CCC0031BFE3 /* CopyFiles */ = {
			isa = PBXCopyFilesBuildPhase;
			buildActionMask = 2147483647;
			dstPath = /usr/share/man/man1/;
			dstSubfolderSpec = 0;
			files = (
			);
			runOnlyForDeploymentPostprocessing = 1;
		};
/* End PBXCopyFilesBuildPhase section */

/* Begin PBXFileReference section */
		6CFED26A1CBC1CCC0031BFE3 /* NSString-Metrics */ = {isa = PBXFileReference; explicitFileType = "compiled.mach-o.executable"; includeInIndex = 0; path = "NSString-Metrics"; sourceTree = BUILT_PRODUCTS_DIR; };
		6CFED26D1CBC1CCC0031BFE3 /* main.m */ = {isa = PBXFileReference; lastKnownFileType = sourcecode.c.objc; path = main.m; sourceTree = "<group>"; };
		6CFED2741CBC1CE60031BFE3 /* NSString+Metrics.h */ = {isa = PBXFileReference; fileEncoding = 4; lastKnownFileType = sourcecode.c.h; path = "NSString+Metrics.h"; sourceTree = "<group>"; };
		6CFED2751CBC1CE60031BFE3 /* NSString+Metrics.m */ = {isa = PBXFileReference; fileEncoding = 4; lastKnownFileType = sourcecode.c.objc; path = "NSString+Metrics.m"; sourceTree = "<group>"; };
/* End PBXFileReference section */

/* Begin PBXFrameworksBuildPhase section */
		6CFED2671CBC1CCC0031BFE3 /* Frameworks */ = {
			isa = PBXFrameworksBuildPhase;
			buildActionMask = 2147483647;
			files = (
			);
			runOnlyForDeploymentPostprocessing = 0;
		};
/* End PBXFrameworksBuildPhase section */

/* Begin PBXGroup section */
		6CFED2611CBC1CCC0031BFE3 = {
			isa = PBXGroup;
			children = (
				6CFED26C1CBC1CCC0031BFE3 /* NSString-Metrics */,
				6CFED26B1CBC1CCC0031BFE3 /* Products */,
			);
			sourceTree = "<group>";
		};
		6CFED26B1CBC1CCC0031BFE3 /* Products */ = {
			isa = PBXGroup;
			children = (
				6CFED26A1CBC1CCC0031BFE3 /* NSString-Metrics */,
			);
			name = Products;
			sourceTree = "<group>";
		};
		6CFED26C1CBC1CCC0031BFE3 /* NSString-Metrics */ = {
			isa = PBXGroup;
			children = (
				6CFED26D1CBC1CCC0031BFE3 /* main.m */,
				6CFED2741CBC1CE60031BFE3 /* NSString+Metrics.h */,
				6CFED2751CBC1CE60031BFE3 /* NSString+Metrics.m */,
			);
			path = "NSString-Metrics";
			sourceTree = "<group>";
		};
/* End PBXGroup section */

/* Begin PBXNativeTarget section */
		6CFED2691CBC1CCC0031BFE3 /* NSString-Metrics */ = {
			isa = PBXNativeTarget;
			buildConfigurationList = 6CFED2711CBC1CCC0031BFE3 /* Build configuration list for PBXNativeTarget "NSString-Metrics" */;
			buildPhases = (
				6CFED2661CBC1CCC0031BFE3 /* Sources */,
				6CFED2671CBC1CCC0031BFE3 /* Frameworks */,
				6CFED2681CBC1CCC0031BFE3 /* CopyFiles */,
			);
			buildRules = (
			);
			dependencies = (
			);
			name = "NSString-Metrics";
			productName = "NSString-Metrics";
			productReference = 6CFED26A1CBC1CCC0031BFE3 /* NSString-Metrics */;
			productType = "com.apple.product-type.tool";
		};
/* End PBXNativeTarget section */

/* Begin PBXProject section */
		6CFED2621CBC1CCC0031BFE3 /* Project object */ = {
			isa = PBXProject;
			attributes = {
				LastUpgradeCheck = 0730;
				ORGANIZATIONNAME = "Nikita Makarov";
				TargetAttributes = {
					6CFED2691CBC1CCC0031BFE3 = {
						CreatedOnToolsVersion = 7.3;
					};
				};
			};
			buildConfigurationList = 6CFED2651CBC1CCC0031BFE3 /* Build configuration list for PBXProject "NSString-Metrics" */;
			compatibilityVersion = "Xcode 3.2";
			developmentRegion = English;
			hasScannedForEncodings = 0;
			knownRegions = (
				en,
			);
			mainGroup = 6CFED2611CBC1CCC0031BFE3;
			productRefGroup = 6CFED26B1CBC1CCC0031BFE3 /* Products */;
			projectDirPath = "";
			projectRoot = "";
			targets = (
				6CFED2691CBC1CCC0031BFE3 /* NSString-Metrics */,
			);
		};
/* End PBXProject section */

/* Begin PBXSourcesBuildPhase section */
		6CFED2661CBC1CCC0031BFE3 /* Sources */ = {
			isa = PBXSourcesBuildPhase;
			buildActionMask = 2147483647;
			files = (
				6CFED26E1CBC1CCC0031BFE3 /* main.m in Sources */,
				6CFED2761CBC1CE60031BFE3 /* NSString+Metrics.m in Sources */,
			);
			runOnlyForDeploymentPostprocessing = 0;
		};
/* End PBXSourcesBuildPhase section */

/* Begin XCBuildConfiguration section */
		6CFED26F1CBC1CCC0031BFE3 /* Debug */ = {
			isa = XCBuildConfiguration;
			buildSettings = {
				ALWAYS_SEARCH_USER_PATHS = NO;
				CLANG_ANALYZER_NONNULL = YES;
				CLANG_CXX_LANGUAGE_STANDARD = "gnu++0x";
				CLANG_CXX_LIBRARY = "libc++";
				CLANG_ENABLE_MODULES = YES;
				CLANG_ENABLE_OBJC_ARC = YES;
				CLANG_WARN_BOOL_CONVERSION = YES;
				CLANG_WARN_CONSTANT_CONVERSION = YES;
				CLANG_WARN_DIRECT_OBJC_ISA_USAGE = YES_ERROR;
				CLANG_WARN_EMPTY_BODY = YES;
				CLANG_WARN_ENUM_CONVERSION = YES;
				CLANG_WARN_INT_CONVERSION = YES;
				CLANG_WARN_OBJC_ROOT_CLASS = YES_ERROR;
				CLANG_WARN_UNREACHABLE_CODE = YES;
				CLANG_WARN__DUPLICATE_METHOD_MATCH = YES;
				CODE_SIGN_IDENTITY = "-";
				COPY_PHASE_STRIP = NO;
				DEBUG_INFORMATION_FORMAT = dwarf;
				ENABLE_STRICT_OBJC_MSGSEND = YES;
				ENABLE_TESTABILITY = YES;
				GCC_C_LANGUAGE_STANDARD = gnu99;
				GCC_DYNAMIC_NO_PIC = NO;
				GCC_NO_COMMON_BLOCKS = YES;
				GCC_OPTIMIZATION_LEVEL = 0;
				GCC_PREPROCESSOR_DEFINITIONS = (
					"DEBUG=1",
					"$(inherited)",
				);
				GCC_WARN_64_TO_32_BIT_CONVERSION = YES;
				GCC_WARN_ABOUT_RETURN_TYPE = YES_ERROR;
				GCC_WARN_UNDECLARED_SELECTOR = YES;
				GCC_WARN_UNINITIALIZED_AUTOS = YES_AGGRESSIVE;
				GCC_WARN_UNUSED_FUNCTION = YES;
				GCC_WARN_UNUSED_VARIABLE = YES;
				MACOSX_DEPLOYMENT_TARGET = 10.11;
				MTL_ENABLE_DEBUG_INFO = YES;
				ONLY_ACTIVE_ARCH = YES;
				SDKROOT = macosx;
			};
			name = Debug;
		};
		6CFED2701CBC1CCC0031BFE3 /* Release */ = {
			isa = XCBuildConfiguration;
			buildSettings = {
				ALWAYS_SEARCH_USER_PATHS = NO;
				CLANG_ANALYZER_NONNULL = YES;
				CLANG_CXX_LANGUAGE_STANDARD = "gnu++0x";
				CLANG_CXX_LIBRARY = "libc++";
				CLANG_ENABLE_MODULES = YES;
				CLANG_ENABLE_OBJC_ARC = YES;
				CLANG_WARN_BOOL_CONVERSION = YES;
				CLANG_WARN_CONSTANT_CONVERSION = YES;
				CLANG_WARN_DIRECT_OBJC_ISA_USAGE = YES_ERROR;
				CLANG_WARN_EMPTY_BODY = YES;
				CLANG_WARN_ENUM_CONVERSION = YES;
				CLANG_WARN_INT_CONVERSION = YES;
				CLANG_WARN_OBJC_ROOT_CLASS = YES_ERROR;
				CLANG_WARN_UNREACHABLE_CODE = YES;
				CLANG_WARN__DUPLICATE_METHOD_MATCH = YES;
				CODE_SIGN_IDENTITY = "-";
				COPY_PHASE_STRIP = NO;
				DEBUG_INFORMATION_FORMAT = "dwarf-with-dsym";
				ENABLE_NS_ASSERTIONS = NO;
				ENABLE_STRICT_OBJC_MSGSEND = YES;
				GCC_C_LANGUAGE_STANDARD = gnu99;
				GCC_NO_COMMON_BLOCKS = YES;
				GCC_WARN_64_TO_32_BIT_CONVERSION = YES;
				GCC_WARN_ABOUT_RETURN_TYPE = YES_ERROR;
				GCC_WARN_UNDECLARED_SELECTOR = YES;
				GCC_WARN_UNINITIALIZED_AUTOS = YES_AGGRESSIVE;
				GCC_WARN_UNUSED_FUNCTION = YES;
				GCC_WARN_UNUSED_VARIABLE = YES;
				MACOSX_DEPLOYMENT_TARGET = 10.11;
				MTL_ENABLE_DEBUG_INFO = NO;
				SDKROOT = macosx;
			};
			name = Release;
		};
		6CFED2721CBC1CCC0031BFE3 /* Debug */ = {
			isa = XCBuildConfiguration;
			buildSettings = {
				PRODUCT_NAME = "$(TARGET_NAME)";
			};
			name = Debug;
		};
		6CFED2731CBC1CCC0031BFE3 /* Release */ = {
			isa = XCBuildConfiguration;
			buildSettings = {
				PRODUCT_NAME = "$(TARGET_NAME)";
			};
			name = Release;
		};
/* End XCBuildConfiguration section */

/* Begin XCConfigurationList section */
		6CFED2651CBC1CCC0031BFE3 /* Build configuration list for PBXProject "NSString-Metrics" */ = {
			isa = XCConfigurationList;
			buildConfigurations = (
				6CFED26F1CBC1CCC0031BFE3 /* Debug */,
				6CFED2701CBC1CCC0031BFE3 /* Release */,
			);
			defaultConfigurationIsVisible = 0;
			defaultConfigurationName = Release;
		};
		6CFED2711CBC1CCC0031BFE3 /* Build configuration list for PBXNativeTarget "NSString-Metrics" */ = {
			isa = XCConfigurationList;
			buildConfigurations = (
				6CFED2721CBC1CCC0031BFE3 /* Debug */,
				6CFED2731CBC1CCC0031BFE3 /* Release */,
			);
			defaultConfigurationIsVisible = 0;
		};
/* End XCConfigurationList section */
	};
	rootObject = 6CFED2621CBC1CCC0031BFE3 /* Project object */;
}
